
Microsoft Visual Studio Solution File, Format Version 12.00
# Visual Studio Version 17
VisualStudioVersion = 17.9.34622.214
MinimumVisualStudioVersion = 10.0.40219.1
Project("{FAE04EC0-301F-11D3-BF4B-00C04F79EFBC}") = "Calculator", "Calculator.csproj", "{FFA94C20-A5AD-4E88-B749-831BA4DB71EB}"
EndProject
Global
	GlobalSection(SolutionConfigurationPlatforms) = preSolution
		Debug|Any CPU = Debug|Any CPU
		Release|Any CPU = Release|Any CPU
	EndGlobalSection
	GlobalSection(ProjectConfigurationPlatforms) = postSolution
		{FFA94C20-A5AD-4E88-B749-831BA4DB71EB}.Debug|Any CPU.ActiveCfg = Debug|Any CPU
		{FFA94C20-A5AD-4E88-B749-831BA4DB71EB}.Debug|Any CPU.Build.0 = Debug|Any CPU
		{FFA94C20-A5AD-4E88-B749-831BA4DB71EB}.Release|Any CPU.ActiveCfg = Release|Any CPU
		{FFA94C20-A5AD-4E88-B749-831BA4DB71EB}.Release|Any CPU.Build.0 = Release|Any CPU
	EndGlobalSection
	GlobalSection(SolutionProperties) = preSolution
		HideSolutionNode = FALSE
	EndGlobalSection
	GlobalSection(ExtensibilityGlobals) = postSolution
		SolutionGuid = {82867D2F-BA87-4EDF-A30A-D47FE5B12ECD}
	EndGlobalSection
EndGlobal
